
Microsoft Visual Studio Solution File, Format Version 12.00
# Visual Studio 15
VisualStudioVersion = 15.0.28010.2050
MinimumVisualStudioVersion = 10.0.40219.1
Project("{FAE04EC0-301F-11D3-BF4B-00C04F79EFBC}") = "DataAccess", "DataAccess\DataAccess.csproj", "{019693F6-F885-46FA-B7F7-74F88379B697}"
EndProject
Project("{FAE04EC0-301F-11D3-BF4B-00C04F79EFBC}") = "MIS-3013-Review-KMG", "MIS-3013-Review-KMG\MIS-3013-Review-KMG.csproj", "{50C27908-0187-42B2-80E2-3A8D613A93F6}"
EndProject
Project("{FAE04EC0-301F-11D3-BF4B-00C04F79EFBC}") = "FileProcessing", "FileProcessing\FileProcessing.csproj", "{6B3DE983-97E4-4599-8930-13E90ACA8A08}"
EndProject
Project("{FAE04EC0-301F-11D3-BF4B-00C04F79EFBC}") = "RickandMorty", "RickandMorty\RickandMorty.csproj", "{C201597E-2D0F-420B-A778-FECEDEE60DF6}"
EndProject
Global
	GlobalSection(SolutionConfigurationPlatforms) = preSolution
		Debug|Any CPU = Debug|Any CPU
		Release|Any CPU = Release|Any CPU
	EndGlobalSection
	GlobalSection(ProjectConfigurationPlatforms) = postSolution
		{019693F6-F885-46FA-B7F7-74F88379B697}.Debug|Any CPU.ActiveCfg = Debug|Any CPU
		{019693F6-F885-46FA-B7F7-74F88379B697}.Debug|Any CPU.Build.0 = Debug|Any CPU
		{019693F6-F885-46FA-B7F7-74F88379B697}.Release|Any CPU.ActiveCfg = Release|Any CPU
		{019693F6-F885-46FA-B7F7-74F88379B697}.Release|Any CPU.Build.0 = Release|Any CPU
		{50C27908-0187-42B2-80E2-3A8D613A93F6}.Debug|Any CPU.ActiveCfg = Debug|Any CPU
		{50C27908-0187-42B2-80E2-3A8D613A93F6}.Debug|Any CPU.Build.0 = Debug|Any CPU
		{50C27908-0187-42B2-80E2-3A8D613A93F6}.Release|Any CPU.ActiveCfg = Release|Any CPU
		{50C27908-0187-42B2-80E2-3A8D613A93F6}.Release|Any CPU.Build.0 = Release|Any CPU
		{6B3DE983-97E4-4599-8930-13E90ACA8A08}.Debug|Any CPU.ActiveCfg = Debug|Any CPU
		{6B3DE983-97E4-4599-8930-13E90ACA8A08}.Debug|Any CPU.Build.0 = Debug|Any CPU
		{6B3DE983-97E4-4599-8930-13E90ACA8A08}.Release|Any CPU.ActiveCfg = Release|Any CPU
		{6B3DE983-97E4-4599-8930-13E90ACA8A08}.Release|Any CPU.Build.0 = Release|Any CPU
		{C201597E-2D0F-420B-A778-FECEDEE60DF6}.Debug|Any CPU.ActiveCfg = Debug|Any CPU
		{C201597E-2D0F-420B-A778-FECEDEE60DF6}.Debug|Any CPU.Build.0 = Debug|Any CPU
		{C201597E-2D0F-420B-A778-FECEDEE60DF6}.Release|Any CPU.ActiveCfg = Release|Any CPU
		{C201597E-2D0F-420B-A778-FECEDEE60DF6}.Release|Any CPU.Build.0 = Release|Any CPU
	EndGlobalSection
	GlobalSection(SolutionProperties) = preSolution
		HideSolutionNode = FALSE
	EndGlobalSection
	GlobalSection(ExtensibilityGlobals) = postSolution
		SolutionGuid = {BD8A7397-E9F4-4532-9ED1-6B23E0B5A0B8}
	EndGlobalSection
EndGlobal
